Terraform used the selected providers to generate the following execution plan. Resource actions are indicated with the following symbols:
  + create

Terraform will perform the following actions:

  # azurerm_app_service_plan.example will be created
  + resource "azurerm_app_service_plan" "example" {
      + id                           = (known after apply)
      + kind                         = "Windows"
      + location                     = "westeurope"
      + maximum_elastic_worker_count = (known after apply)
      + maximum_number_of_workers    = (known after apply)
      + name                         = "example-appserviceplan-fg28"
      + resource_group_name          = "ccbootcamp"
      + tags                         = {
          + "environment" = "dev"
        }

      + sku {
          + capacity = (known after apply)
          + size     = "S1"
          + tier     = "Standard"
        }
    }

  # azurerm_resource_group.rg will be created
  + resource "azurerm_resource_group" "rg" {
      + id       = (known after apply)
      + location = "westeurope"
      + name     = "ccbootcamp"
    }

Plan: 2 to add, 0 to change, 0 to destroy.
╷